dependencies:
- name: mariadb
  repository: https://kubernetes-charts.storage.googleapis.com/
  version: 6.7.4
- name: rrdcached
  repository: file://../rrdcached
  version: 0.1.0
- name: redis
  repository: https://kubernetes-charts.storage.googleapis.com/
  version: 9.1.2
digest: sha256:8cbc0a50305ad0bb736ed2a881260d959997d81e94d6e458912423390c190569
generated: 2019-08-23T17:05:07.3635774-05:00
